
Microsoft Visual Studio Solution File, Format Version 12.00
# Visual Studio Version 17
VisualStudioVersion = 17.9.34728.123
MinimumVisualStudioVersion = 10.0.40219.1
Project("{9A19103F-16F7-4668-BE54-9A1E7A4F7556}") = "ElectricFox.SquaresHelper.Ui", "ElectricFox.SquaresHelper.Ui\ElectricFox.SquaresHelper.Ui.csproj", "{85D63490-0B34-4614-A0AD-421416DDFFAA}"
EndProject
Project("{FAE04EC0-301F-11D3-BF4B-00C04F79EFBC}") = "ElectricFox.SquaresSolver", "ElectricFox.SquaresSolver\ElectricFox.SquaresSolver.csproj", "{285E61DF-1317-4898-A34F-BDCCAC4340AE}"
EndProject
Project("{FAE04EC0-301F-11D3-BF4B-00C04F79EFBC}") = "ElectricFox.SquaresSolver.Tests", "ElectricFox.SquaresSolver.Tests\ElectricFox.SquaresSolver.Tests.csproj", "{E0572027-24B8-445A-850F-FB62C322B44C}"
EndProject
Global
	GlobalSection(SolutionConfigurationPlatforms) = preSolution
		Debug|Any CPU = Debug|Any CPU
		Release|Any CPU = Release|Any CPU
	EndGlobalSection
	GlobalSection(ProjectConfigurationPlatforms) = postSolution
		{85D63490-0B34-4614-A0AD-421416DDFFAA}.Debug|Any CPU.ActiveCfg = Debug|Any CPU
		{85D63490-0B34-4614-A0AD-421416DDFFAA}.Debug|Any CPU.Build.0 = Debug|Any CPU
		{85D63490-0B34-4614-A0AD-421416DDFFAA}.Release|Any CPU.ActiveCfg = Release|Any CPU
		{85D63490-0B34-4614-A0AD-421416DDFFAA}.Release|Any CPU.Build.0 = Release|Any CPU
		{285E61DF-1317-4898-A34F-BDCCAC4340AE}.Debug|Any CPU.ActiveCfg = Debug|Any CPU
		{285E61DF-1317-4898-A34F-BDCCAC4340AE}.Debug|Any CPU.Build.0 = Debug|Any CPU
		{285E61DF-1317-4898-A34F-BDCCAC4340AE}.Release|Any CPU.ActiveCfg = Release|Any CPU
		{285E61DF-1317-4898-A34F-BDCCAC4340AE}.Release|Any CPU.Build.0 = Release|Any CPU
		{E0572027-24B8-445A-850F-FB62C322B44C}.Debug|Any CPU.ActiveCfg = Debug|Any CPU
		{E0572027-24B8-445A-850F-FB62C322B44C}.Debug|Any CPU.Build.0 = Debug|Any CPU
		{E0572027-24B8-445A-850F-FB62C322B44C}.Release|Any CPU.ActiveCfg = Release|Any CPU
		{E0572027-24B8-445A-850F-FB62C322B44C}.Release|Any CPU.Build.0 = Release|Any CPU
	EndGlobalSection
	GlobalSection(SolutionProperties) = preSolution
		HideSolutionNode = FALSE
	EndGlobalSection
	GlobalSection(ExtensibilityGlobals) = postSolution
		SolutionGuid = {7A38902D-C8BB-461B-B179-340D48DC939C}
	EndGlobalSection
EndGlobal
